// !$*UTF8*$!
{
	archiveVersion = 1;
	classes = {
	};
	objectVersion = 51;
	objects = {

/* Begin PBXBuildFile section */
		3CDD49EEA9BAB3359809F612 /* Pods_demo_bitrise.framework in Frameworks */ = {isa = PBXBuildFile; fileRef = EFF86159360A91D5913E7157 /* Pods_demo_bitrise.framework */; };
		42B6D317AC0BA2F424BC0337 /* Pods_demo_bitrise_demo_bitriseUITests.framework in Frameworks */ = {isa = PBXBuildFile; fileRef = ACA101C6851ABADD7F46F91A /* Pods_demo_bitrise_demo_bitriseUITests.framework */; };
		7E7E119951E40B85E7D674CF /* Pods_demo_bitriseTests.framework in Frameworks */ = {isa = PBXBuildFile; fileRef = 3B81F5F3B0DED40748290DBB /* Pods_demo_bitriseTests.framework */; };
		BF20089E24B4619E00407615 /* GoogleService-Info-dev.plist in Resources */ = {isa = PBXBuildFile; fileRef = BF20089B24B4619D00407615 /* GoogleService-Info-dev.plist */; };
		BF20089F24B4619E00407615 /* GoogleService-Info-adhoc.plist in Resources */ = {isa = PBXBuildFile; fileRef = BF20089C24B4619D00407615 /* GoogleService-Info-adhoc.plist */; };
		BF2008A024B4619E00407615 /* GoogleService-Info-distribute.plist in Resources */ = {isa = PBXBuildFile; fileRef = BF20089D24B4619E00407615 /* GoogleService-Info-distribute.plist */; };
		BFE4C20124B432DC0041825B /* AppDelegate.swift in Sources */ = {isa = PBXBuildFile; fileRef = BFE4C20024B432DC0041825B /* AppDelegate.swift */; };
		BFE4C20324B432DC0041825B /* SceneDelegate.swift in Sources */ = {isa = PBXBuildFile; fileRef = BFE4C20224B432DC0041825B /* SceneDelegate.swift */; };
		BFE4C20524B432DC0041825B /* ViewController.swift in Sources */ = {isa = PBXBuildFile; fileRef = BFE4C20424B432DC0041825B /* ViewController.swift */; };
		BFE4C20824B432DC0041825B /* Main.storyboard in Resources */ = {isa = PBXBuildFile; fileRef = BFE4C20624B432DC0041825B /* Main.storyboard */; };
		BFE4C20A24B432DE0041825B /* Assets.xcassets in Resources */ = {isa = PBXBuildFile; fileRef = BFE4C20924B432DE0041825B /* Assets.xcassets */; };
		BFE4C20D24B432DE0041825B /* LaunchScreen.storyboard in Resources */ = {isa = PBXBuildFile; fileRef = BFE4C20B24B432DE0041825B /* LaunchScreen.storyboard */; };
		BFE4C21824B432DE0041825B /* demo_bitriseTests.swift in Sources */ = {isa = PBXBuildFile; fileRef = BFE4C21724B432DE0041825B /* demo_bitriseTests.swift */; };
		BFE4C22324B432DE0041825B /* demo_bitriseUITests.swift in Sources */ = {isa = PBXBuildFile; fileRef = BFE4C22224B432DE0041825B /* demo_bitriseUITests.swift */; };
		BFF8F5C724BC505E0015182C /* run in Resources */ = {isa = PBXBuildFile; fileRef = BFF8F5C524BC505E0015182C /* run */; };
		BFF8F5C824BC505E0015182C /* upload-symbols in Resources */ = {isa = PBXBuildFile; fileRef = BFF8F5C624BC505E0015182C /* upload-symbols */; };
/* End PBXBuildFile section */

/* Begin PBXContainerItemProxy section */
		BFE4C21424B432DE0041825B /* PBXContainerItemProxy */ = {
			isa = PBXContainerItemProxy;
			containerPortal = BFE4C1F524B432DC0041825B /* Project object */;
			proxyType = 1;
			remoteGlobalIDString = BFE4C1FC24B432DC0041825B;
			remoteInfo = "demo-bitrise";
		};
		BFE4C21F24B432DE0041825B /* PBXContainerItemProxy */ = {
			isa = PBXContainerItemProxy;
			containerPortal = BFE4C1F524B432DC0041825B /* Project object */;
			proxyType = 1;
			remoteGlobalIDString = BFE4C1FC24B432DC0041825B;
			remoteInfo = "demo-bitrise";
		};
/* End PBXContainerItemProxy section */

/* Begin PBXFileReference section */
		1ED27506AC29189D48E20729 /* Pods-demo-bitriseTests.adhoc.xcconfig */ = {isa = PBXFileReference; includeInIndex = 1; lastKnownFileType = text.xcconfig; name = "Pods-demo-bitriseTests.adhoc.xcconfig"; path = "Target Support Files/Pods-demo-bitriseTests/Pods-demo-bitriseTests.adhoc.xcconfig"; sourceTree = "<group>"; };
		285D3032CF824D0DC1317E15 /* Pods-demo-bitrise-demo-bitriseUITests.debug.xcconfig */ = {isa = PBXFileReference; includeInIndex = 1; lastKnownFileType = text.xcconfig; name = "Pods-demo-bitrise-demo-bitriseUITests.debug.xcconfig"; path = "Target Support Files/Pods-demo-bitrise-demo-bitriseUITests/Pods-demo-bitrise-demo-bitriseUITests.debug.xcconfig"; sourceTree = "<group>"; };
		2B0A6A981F276730896EF94E /* Pods-demo-bitrise-demo-bitriseUITests.release.xcconfig */ = {isa = PBXFileReference; includeInIndex = 1; lastKnownFileType = text.xcconfig; name = "Pods-demo-bitrise-demo-bitriseUITests.release.xcconfig"; path = "Target Support Files/Pods-demo-bitrise-demo-bitriseUITests/Pods-demo-bitrise-demo-bitriseUITests.release.xcconfig"; sourceTree = "<group>"; };
		3B81F5F3B0DED40748290DBB /* Pods_demo_bitriseTests.framework */ = {isa = PBXFileReference; explicitFileType = wrapper.framework; includeInIndex = 0; path = Pods_demo_bitriseTests.framework; sourceTree = BUILT_PRODUCTS_DIR; };
		625C6035481188E62D8BEA60 /* Pods-demo-bitriseTests.debug.xcconfig */ = {isa = PBXFileReference; includeInIndex = 1; lastKnownFileType = text.xcconfig; name = "Pods-demo-bitriseTests.debug.xcconfig"; path = "Target Support Files/Pods-demo-bitriseTests/Pods-demo-bitriseTests.debug.xcconfig"; sourceTree = "<group>"; };
		6CED960DB15B255CD363811D /* Pods-demo-bitrise.adhoc.xcconfig */ = {isa = PBXFileReference; includeInIndex = 1; lastKnownFileType = text.xcconfig; name = "Pods-demo-bitrise.adhoc.xcconfig"; path = "Target Support Files/Pods-demo-bitrise/Pods-demo-bitrise.adhoc.xcconfig"; sourceTree = "<group>"; };
		9A75826FB562524090886832 /* Pods-demo-bitriseTests.release.xcconfig */ = {isa = PBXFileReference; includeInIndex = 1; lastKnownFileType = text.xcconfig; name = "Pods-demo-bitriseTests.release.xcconfig"; path = "Target Support Files/Pods-demo-bitriseTests/Pods-demo-bitriseTests.release.xcconfig"; sourceTree = "<group>"; };
		ACA101C6851ABADD7F46F91A /* Pods_demo_bitrise_demo_bitriseUITests.framework */ = {isa = PBXFileReference; explicitFileType = wrapper.framework; includeInIndex = 0; path = Pods_demo_bitrise_demo_bitriseUITests.framework; sourceTree = BUILT_PRODUCTS_DIR; };
		BF20089B24B4619D00407615 /* GoogleService-Info-dev.plist */ = {isa = PBXFileReference; fileEncoding = 4; lastKnownFileType = text.plist.xml; path = "GoogleService-Info-dev.plist"; sourceTree = "<group>"; };
		BF20089C24B4619D00407615 /* GoogleService-Info-adhoc.plist */ = {isa = PBXFileReference; fileEncoding = 4; lastKnownFileType = text.plist.xml; path = "GoogleService-Info-adhoc.plist"; sourceTree = "<group>"; };
		BF20089D24B4619E00407615 /* GoogleService-Info-distribute.plist */ = {isa = PBXFileReference; fileEncoding = 4; lastKnownFileType = text.plist.xml; path = "GoogleService-Info-distribute.plist"; sourceTree = "<group>"; };
		BFE4C1FD24B432DC0041825B /* demo-bitrise.app */ = {isa = PBXFileReference; explicitFileType = wrapper.application; includeInIndex = 0; path = "demo-bitrise.app"; sourceTree = BUILT_PRODUCTS_DIR; };
		BFE4C20024B432DC0041825B /* AppDelegate.swift */ = {isa = PBXFileReference; lastKnownFileType = sourcecode.swift; path = AppDelegate.swift; sourceTree = "<group>"; };
		BFE4C20224B432DC0041825B /* SceneDelegate.swift */ = {isa = PBXFileReference; lastKnownFileType = sourcecode.swift; path = SceneDelegate.swift; sourceTree = "<group>"; };
		BFE4C20424B432DC0041825B /* ViewController.swift */ = {isa = PBXFileReference; lastKnownFileType = sourcecode.swift; path = ViewController.swift; sourceTree = "<group>"; };
		BFE4C20724B432DC0041825B /* Base */ = {isa = PBXFileReference; lastKnownFileType = file.storyboard; name = Base; path = Base.lproj/Main.storyboard; sourceTree = "<group>"; };
		BFE4C20924B432DE0041825B /* Assets.xcassets */ = {isa = PBXFileReference; lastKnownFileType = folder.assetcatalog; path = Assets.xcassets; sourceTree = "<group>"; };
		BFE4C20C24B432DE0041825B /* Base */ = {isa = PBXFileReference; lastKnownFileType = file.storyboard; name = Base; path = Base.lproj/LaunchScreen.storyboard; sourceTree = "<group>"; };
		BFE4C20E24B432DE0041825B /* Info.plist */ = {isa = PBXFileReference; lastKnownFileType = text.plist.xml; path = Info.plist; sourceTree = "<group>"; };
		BFE4C21324B432DE0041825B /* demo-bitriseTests.xctest */ = {isa = PBXFileReference; explicitFileType = wrapper.cfbundle; includeInIndex = 0; path = "demo-bitriseTests.xctest"; sourceTree = BUILT_PRODUCTS_DIR; };
		BFE4C21724B432DE0041825B /* demo_bitriseTests.swift */ = {isa = PBXFileReference; lastKnownFileType = sourcecode.swift; path = demo_bitriseTests.swift; sourceTree = "<group>"; };
		BFE4C21924B432DE0041825B /* Info.plist */ = {isa = PBXFileReference; lastKnownFileType = text.plist.xml; path = Info.plist; sourceTree = "<group>"; };
		BFE4C21E24B432DE0041825B /* demo-bitriseUITests.xctest */ = {isa = PBXFileReference; explicitFileType = wrapper.cfbundle; includeInIndex = 0; path = "demo-bitriseUITests.xctest"; sourceTree = BUILT_PRODUCTS_DIR; };
		BFE4C22224B432DE0041825B /* demo_bitriseUITests.swift */ = {isa = PBXFileReference; lastKnownFileType = sourcecode.swift; path = demo_bitriseUITests.swift; sourceTree = "<group>"; };
		BFE4C22424B432DE0041825B /* Info.plist */ = {isa = PBXFileReference; lastKnownFileType = text.plist.xml; path = Info.plist; sourceTree = "<group>"; };
		BFE4C23024B436430041825B /* demo-bitrise.entitlements */ = {isa = PBXFileReference; lastKnownFileType = text.plist.entitlements; path = "demo-bitrise.entitlements"; sourceTree = "<group>"; };
		BFF8F5C524BC505E0015182C /* run */ = {isa = PBXFileReference; fileEncoding = 4; lastKnownFileType = text.script.sh; path = run; sourceTree = "<group>"; };
		BFF8F5C624BC505E0015182C /* upload-symbols */ = {isa = PBXFileReference; lastKnownFileType = "compiled.mach-o.executable"; path = "upload-symbols"; sourceTree = "<group>"; };
		D174E0B75C8E02503738BB60 /* Pods-demo-bitrise.debug.xcconfig */ = {isa = PBXFileReference; includeInIndex = 1; lastKnownFileType = text.xcconfig; name = "Pods-demo-bitrise.debug.xcconfig"; path = "Target Support Files/Pods-demo-bitrise/Pods-demo-bitrise.debug.xcconfig"; sourceTree = "<group>"; };
		D1C3DE9F448DEC826071B9B1 /* Pods-demo-bitrise-demo-bitriseUITests.adhoc.xcconfig */ = {isa = PBXFileReference; includeInIndex = 1; lastKnownFileType = text.xcconfig; name = "Pods-demo-bitrise-demo-bitriseUITests.adhoc.xcconfig"; path = "Target Support Files/Pods-demo-bitrise-demo-bitriseUITests/Pods-demo-bitrise-demo-bitriseUITests.adhoc.xcconfig"; sourceTree = "<group>"; };
		D2B654133F71E8432DE12909 /* Pods-demo-bitrise.release.xcconfig */ = {isa = PBXFileReference; includeInIndex = 1; lastKnownFileType = text.xcconfig; name = "Pods-demo-bitrise.release.xcconfig"; path = "Target Support Files/Pods-demo-bitrise/Pods-demo-bitrise.release.xcconfig"; sourceTree = "<group>"; };
		EFF86159360A91D5913E7157 /* Pods_demo_bitrise.framework */ = {isa = PBXFileReference; explicitFileType = wrapper.framework; includeInIndex = 0; path = Pods_demo_bitrise.framework; sourceTree = BUILT_PRODUCTS_DIR; };
/* End PBXFileReference section */

/* Begin PBXFrameworksBuildPhase section */
		BFE4C1FA24B432DC0041825B /* Frameworks */ = {
			isa = PBXFrameworksBuildPhase;
			buildActionMask = 2147483647;
			files = (
				3CDD49EEA9BAB3359809F612 /* Pods_demo_bitrise.framework in Frameworks */,
			);
			runOnlyForDeploymentPostprocessing = 0;
		};
		BFE4C21024B432DE0041825B /* Frameworks */ = {
			isa = PBXFrameworksBuildPhase;
			buildActionMask = 2147483647;
			files = (
				7E7E119951E40B85E7D674CF /* Pods_demo_bitriseTests.framework in Frameworks */,
			);
			runOnlyForDeploymentPostprocessing = 0;
		};
		BFE4C21B24B432DE0041825B /* Frameworks */ = {
			isa = PBXFrameworksBuildPhase;
			buildActionMask = 2147483647;
			files = (
				42B6D317AC0BA2F424BC0337 /* Pods_demo_bitrise_demo_bitriseUITests.framework in Frameworks */,
			);
			runOnlyForDeploymentPostprocessing = 0;
		};
/* End PBXFrameworksBuildPhase section */

/* Begin PBXGroup section */
		40C109243BBA89339A630BC6 /* Frameworks */ = {
			isa = PBXGroup;
			children = (
				EFF86159360A91D5913E7157 /* Pods_demo_bitrise.framework */,
				ACA101C6851ABADD7F46F91A /* Pods_demo_bitrise_demo_bitriseUITests.framework */,
				3B81F5F3B0DED40748290DBB /* Pods_demo_bitriseTests.framework */,
			);
			name = Frameworks;
			sourceTree = "<group>";
		};
		83885D4841FB659304B2204B /* Pods */ = {
			isa = PBXGroup;
			children = (
				D174E0B75C8E02503738BB60 /* Pods-demo-bitrise.debug.xcconfig */,
				6CED960DB15B255CD363811D /* Pods-demo-bitrise.adhoc.xcconfig */,
				D2B654133F71E8432DE12909 /* Pods-demo-bitrise.release.xcconfig */,
				285D3032CF824D0DC1317E15 /* Pods-demo-bitrise-demo-bitriseUITests.debug.xcconfig */,
				D1C3DE9F448DEC826071B9B1 /* Pods-demo-bitrise-demo-bitriseUITests.adhoc.xcconfig */,
				2B0A6A981F276730896EF94E /* Pods-demo-bitrise-demo-bitriseUITests.release.xcconfig */,
				625C6035481188E62D8BEA60 /* Pods-demo-bitriseTests.debug.xcconfig */,
				1ED27506AC29189D48E20729 /* Pods-demo-bitriseTests.adhoc.xcconfig */,
				9A75826FB562524090886832 /* Pods-demo-bitriseTests.release.xcconfig */,
			);
			path = Pods;
			sourceTree = "<group>";
		};
		BF20089A24B4618500407615 /* GoogleService-Info */ = {
			isa = PBXGroup;
			children = (
				BF20089C24B4619D00407615 /* GoogleService-Info-adhoc.plist */,
				BF20089B24B4619D00407615 /* GoogleService-Info-dev.plist */,
				BF20089D24B4619E00407615 /* GoogleService-Info-distribute.plist */,
			);
			path = "GoogleService-Info";
			sourceTree = "<group>";
		};
		BFE4C1F424B432DC0041825B = {
			isa = PBXGroup;
			children = (
				BFE4C1FF24B432DC0041825B /* demo-bitrise */,
				BFF8F5C424BC505E0015182C /* scripts */,
				BFE4C21624B432DE0041825B /* demo-bitriseTests */,
				BFE4C22124B432DE0041825B /* demo-bitriseUITests */,
				BFE4C1FE24B432DC0041825B /* Products */,
				83885D4841FB659304B2204B /* Pods */,
				40C109243BBA89339A630BC6 /* Frameworks */,
			);
			sourceTree = "<group>";
		};
		BFE4C1FE24B432DC0041825B /* Products */ = {
			isa = PBXGroup;
			children = (
				BFE4C1FD24B432DC0041825B /* demo-bitrise.app */,
				BFE4C21324B432DE0041825B /* demo-bitriseTests.xctest */,
				BFE4C21E24B432DE0041825B /* demo-bitriseUITests.xctest */,
			);
			name = Products;
			sourceTree = "<group>";
		};
		BFE4C1FF24B432DC0041825B /* demo-bitrise */ = {
			isa = PBXGroup;
			children = (
				BF20089A24B4618500407615 /* GoogleService-Info */,
				BFE4C23024B436430041825B /* demo-bitrise.entitlements */,
				BFE4C20024B432DC0041825B /* AppDelegate.swift */,
				BFE4C20224B432DC0041825B /* SceneDelegate.swift */,
				BFE4C20424B432DC0041825B /* ViewController.swift */,
				BFE4C20624B432DC0041825B /* Main.storyboard */,
				BFE4C20924B432DE0041825B /* Assets.xcassets */,
				BFE4C20B24B432DE0041825B /* LaunchScreen.storyboard */,
				BFE4C20E24B432DE0041825B /* Info.plist */,
			);
			path = "demo-bitrise";
			sourceTree = "<group>";
		};
		BFE4C21624B432DE0041825B /* demo-bitriseTests */ = {
			isa = PBXGroup;
			children = (
				BFE4C21724B432DE0041825B /* demo_bitriseTests.swift */,
				BFE4C21924B432DE0041825B /* Info.plist */,
			);
			path = "demo-bitriseTests";
			sourceTree = "<group>";
		};
		BFE4C22124B432DE0041825B /* demo-bitriseUITests */ = {
			isa = PBXGroup;
			children = (
				BFE4C22224B432DE0041825B /* demo_bitriseUITests.swift */,
				BFE4C22424B432DE0041825B /* Info.plist */,
			);
			path = "demo-bitriseUITests";
			sourceTree = "<group>";
		};
		BFF8F5C424BC505E0015182C /* scripts */ = {
			isa = PBXGroup;
			children = (
				BFF8F5C524BC505E0015182C /* run */,
				BFF8F5C624BC505E0015182C /* upload-symbols */,
			);
			path = scripts;
			sourceTree = "<group>";
		};
/* End PBXGroup section */

/* Begin PBXNativeTarget section */
		BFE4C1FC24B432DC0041825B /* demo-bitrise */ = {
			isa = PBXNativeTarget;
			buildConfigurationList = BFE4C22724B432DE0041825B /* Build configuration list for PBXNativeTarget "demo-bitrise" */;
			buildPhases = (
				84A65A509935E54AA48B2F72 /* [CP] Check Pods Manifest.lock */,
				BFE4C1F924B432DC0041825B /* Sources */,
				BFE4C1FA24B432DC0041825B /* Frameworks */,
				BFE4C1FB24B432DC0041825B /* Resources */,
				BF2008A124B464EC00407615 /* Copy GoogleService-Info */,
				BF2008A224B465A300407615 /* Upload dSYM */,
				3C64F46891EF0103BD8CEBAF /* [CP] Embed Pods Frameworks */,
			);
			buildRules = (
			);
			dependencies = (
			);
			name = "demo-bitrise";
			productName = "demo-bitrise";
			productReference = BFE4C1FD24B432DC0041825B /* demo-bitrise.app */;
			productType = "com.apple.product-type.application";
		};
		BFE4C21224B432DE0041825B /* demo-bitriseTests */ = {
			isa = PBXNativeTarget;
			buildConfigurationList = BFE4C22A24B432DE0041825B /* Build configuration list for PBXNativeTarget "demo-bitriseTests" */;
			buildPhases = (
				CA1E652AFE3BEDD0C50BA86E /* [CP] Check Pods Manifest.lock */,
				BFE4C20F24B432DE0041825B /* Sources */,
				BFE4C21024B432DE0041825B /* Frameworks */,
				BFE4C21124B432DE0041825B /* Resources */,
			);
			buildRules = (
			);
			dependencies = (
				BFE4C21524B432DE0041825B /* PBXTargetDependency */,
			);
			name = "demo-bitriseTests";
			productName = "demo-bitriseTests";
			productReference = BFE4C21324B432DE0041825B /* demo-bitriseTests.xctest */;
			productType = "com.apple.product-type.bundle.unit-test";
		};
		BFE4C21D24B432DE0041825B /* demo-bitriseUITests */ = {
			isa = PBXNativeTarget;
			buildConfigurationList = BFE4C22D24B432DE0041825B /* Build configuration list for PBXNativeTarget "demo-bitriseUITests" */;
			buildPhases = (
				1617FC6D5031FE5D19310723 /* [CP] Check Pods Manifest.lock */,
				BFE4C21A24B432DE0041825B /* Sources */,
				BFE4C21B24B432DE0041825B /* Frameworks */,
				BFE4C21C24B432DE0041825B /* Resources */,
				6981623624C7CCE7DC84901B /* [CP] Embed Pods Frameworks */,
			);
			buildRules = (
			);
			dependencies = (
				BFE4C22024B432DE0041825B /* PBXTargetDependency */,
			);
			name = "demo-bitriseUITests";
			productName = "demo-bitriseUITests";
			productReference = BFE4C21E24B432DE0041825B /* demo-bitriseUITests.xctest */;
			productType = "com.apple.product-type.bundle.ui-testing";
		};
/* End PBXNativeTarget section */

/* Begin PBXProject section */
		BFE4C1F524B432DC0041825B /* Project object */ = {
			isa = PBXProject;
			attributes = {
				LastSwiftUpdateCheck = 1150;
				LastUpgradeCheck = 1150;
				ORGANIZATIONNAME = "Vu Ngoc Cong";
				TargetAttributes = {
					BFE4C1FC24B432DC0041825B = {
						CreatedOnToolsVersion = 11.5;
					};
					BFE4C21224B432DE0041825B = {
						CreatedOnToolsVersion = 11.5;
						TestTargetID = BFE4C1FC24B432DC0041825B;
					};
					BFE4C21D24B432DE0041825B = {
						CreatedOnToolsVersion = 11.5;
						TestTargetID = BFE4C1FC24B432DC0041825B;
					};
				};
			};
			buildConfigurationList = BFE4C1F824B432DC0041825B /* Build configuration list for PBXProject "demo-bitrise" */;
			compatibilityVersion = "Xcode 9.3";
			developmentRegion = en;
			hasScannedForEncodings = 0;
			knownRegions = (
				en,
				Base,
			);
			mainGroup = BFE4C1F424B432DC0041825B;
			productRefGroup = BFE4C1FE24B432DC0041825B /* Products */;
			projectDirPath = "";
			projectRoot = "";
			targets = (
				BFE4C1FC24B432DC0041825B /* demo-bitrise */,
				BFE4C21224B432DE0041825B /* demo-bitriseTests */,
				BFE4C21D24B432DE0041825B /* demo-bitriseUITests */,
			);
		};
/* End PBXProject section */

/* Begin PBXResourcesBuildPhase section */
		BFE4C1FB24B432DC0041825B /* Resources */ = {
			isa = PBXResourcesBuildPhase;
			buildActionMask = 2147483647;
			files = (
				BFF8F5C724BC505E0015182C /* run in Resources */,
				BFF8F5C824BC505E0015182C /* upload-symbols in Resources */,
				BF2008A024B4619E00407615 /* GoogleService-Info-distribute.plist in Resources */,
				BF20089F24B4619E00407615 /* GoogleService-Info-adhoc.plist in Resources */,
				BFE4C20D24B432DE0041825B /* LaunchScreen.storyboard in Resources */,
				BF20089E24B4619E00407615 /* GoogleService-Info-dev.plist in Resources */,
				BFE4C20A24B432DE0041825B /* Assets.xcassets in Resources */,
				BFE4C20824B432DC0041825B /* Main.storyboard in Resources */,
			);
			runOnlyForDeploymentPostprocessing = 0;
		};
		BFE4C21124B432DE0041825B /* Resources */ = {
			isa = PBXResourcesBuildPhase;
			buildActionMask = 2147483647;
			files = (
			);
			runOnlyForDeploymentPostprocessing = 0;
		};
		BFE4C21C24B432DE0041825B /* Resources */ = {
			isa = PBXResourcesBuildPhase;
			buildActionMask = 2147483647;
			files = (
			);
			runOnlyForDeploymentPostprocessing = 0;
		};
/* End PBXResourcesBuildPhase section */

/* Begin PBXShellScriptBuildPhase section */
		1617FC6D5031FE5D19310723 /* [CP] Check Pods Manifest.lock */ = {
			isa = PBXShellScriptBuildPhase;
			buildActionMask = 2147483647;
			files = (
			);
			inputFileListPaths = (
			);
			inputPaths = (
				"${PODS_PODFILE_DIR_PATH}/Podfile.lock",
				"${PODS_ROOT}/Manifest.lock",
			);
			name = "[CP] Check Pods Manifest.lock";
			outputFileListPaths = (
			);
			outputPaths = (
				"$(DERIVED_FILE_DIR)/Pods-demo-bitrise-demo-bitriseUITests-checkManifestLockResult.txt",
			);
			runOnlyForDeploymentPostprocessing = 0;
			shellPath = /bin/sh;
			shellScript = "diff \"${PODS_PODFILE_DIR_PATH}/Podfile.lock\" \"${PODS_ROOT}/Manifest.lock\" > /dev/null\nif [ $? != 0 ] ; then\n    # print error to STDERR\n    echo \"error: The sandbox is not in sync with the Podfile.lock. Run 'pod install' or update your CocoaPods installation.\" >&2\n    exit 1\nfi\n# This output is used by Xcode 'outputs' to avoid re-running this script phase.\necho \"SUCCESS\" > \"${SCRIPT_OUTPUT_FILE_0}\"\n";
			showEnvVarsInLog = 0;
		};
		3C64F46891EF0103BD8CEBAF /* [CP] Embed Pods Frameworks */ = {
			isa = PBXShellScriptBuildPhase;
			buildActionMask = 2147483647;
			files = (
			);
			inputFileListPaths = (
				"${PODS_ROOT}/Target Support Files/Pods-demo-bitrise/Pods-demo-bitrise-frameworks-${CONFIGURATION}-input-files.xcfilelist",
			);
			name = "[CP] Embed Pods Frameworks";
			outputFileListPaths = (
				"${PODS_ROOT}/Target Support Files/Pods-demo-bitrise/Pods-demo-bitrise-frameworks-${CONFIGURATION}-output-files.xcfilelist",
			);
			runOnlyForDeploymentPostprocessing = 0;
			shellPath = /bin/sh;
			shellScript = "\"${PODS_ROOT}/Target Support Files/Pods-demo-bitrise/Pods-demo-bitrise-frameworks.sh\"\n";
			showEnvVarsInLog = 0;
		};
		6981623624C7CCE7DC84901B /* [CP] Embed Pods Frameworks */ = {
			isa = PBXShellScriptBuildPhase;
			buildActionMask = 2147483647;
			files = (
			);
			inputFileListPaths = (
				"${PODS_ROOT}/Target Support Files/Pods-demo-bitrise-demo-bitriseUITests/Pods-demo-bitrise-demo-bitriseUITests-frameworks-${CONFIGURATION}-input-files.xcfilelist",
			);
			name = "[CP] Embed Pods Frameworks";
			outputFileListPaths = (
				"${PODS_ROOT}/Target Support Files/Pods-demo-bitrise-demo-bitriseUITests/Pods-demo-bitrise-demo-bitriseUITests-frameworks-${CONFIGURATION}-output-files.xcfilelist",
			);
			runOnlyForDeploymentPostprocessing = 0;
			shellPath = /bin/sh;
			shellScript = "\"${PODS_ROOT}/Target Support Files/Pods-demo-bitrise-demo-bitriseUITests/Pods-demo-bitrise-demo-bitriseUITests-frameworks.sh\"\n";
			showEnvVarsInLog = 0;
		};
		84A65A509935E54AA48B2F72 /* [CP] Check Pods Manifest.lock */ = {
			isa = PBXShellScriptBuildPhase;
			buildActionMask = 2147483647;
			files = (
			);
			inputFileListPaths = (
			);
			inputPaths = (
				"${PODS_PODFILE_DIR_PATH}/Podfile.lock",
				"${PODS_ROOT}/Manifest.lock",
			);
			name = "[CP] Check Pods Manifest.lock";
			outputFileListPaths = (
			);
			outputPaths = (
				"$(DERIVED_FILE_DIR)/Pods-demo-bitrise-checkManifestLockResult.txt",
			);
			runOnlyForDeploymentPostprocessing = 0;
			shellPath = /bin/sh;
			shellScript = "diff \"${PODS_PODFILE_DIR_PATH}/Podfile.lock\" \"${PODS_ROOT}/Manifest.lock\" > /dev/null\nif [ $? != 0 ] ; then\n    # print error to STDERR\n    echo \"error: The sandbox is not in sync with the Podfile.lock. Run 'pod install' or update your CocoaPods installation.\" >&2\n    exit 1\nfi\n# This output is used by Xcode 'outputs' to avoid re-running this script phase.\necho \"SUCCESS\" > \"${SCRIPT_OUTPUT_FILE_0}\"\n";
			showEnvVarsInLog = 0;
		};
		BF2008A124B464EC00407615 /* Copy GoogleService-Info */ = {
			isa = PBXShellScriptBuildPhase;
			buildActionMask = 2147483647;
			files = (
			);
			inputFileListPaths = (
			);
			inputPaths = (
			);
			name = "Copy GoogleService-Info";
			outputFileListPaths = (
			);
			outputPaths = (
			);
			runOnlyForDeploymentPostprocessing = 0;
			shellPath = /bin/sh;
			shellScript = "if [ \"${CONFIGURATION}\" == \"Release\" ]; then\n  cp \"${PROJECT_DIR}/${PROJECT_NAME}/GoogleService-Info/GoogleService-Info-distribute.plist\" \"${BUILT_PRODUCTS_DIR}/${PRODUCT_NAME}.app/GoogleService-Info.plist\"\nelif [ \"${CONFIGURATION}\" == \"AdHoc\" ]; then\n  cp \"${PROJECT_DIR}/${PROJECT_NAME}/GoogleService-Info/GoogleService-Info-adhoc.plist\" \"${BUILT_PRODUCTS_DIR}/${PRODUCT_NAME}.app/GoogleService-Info.plist\"\nelif [ \"${CONFIGURATION}\" == \"Debug\" ]; then\n  cp \"${PROJECT_DIR}/${PROJECT_NAME}/GoogleService-Info/GoogleService-Info-dev.plist\" \"${BUILT_PRODUCTS_DIR}/${PRODUCT_NAME}.app/GoogleService-Info.plist\"\nfi\n";
		};
		BF2008A224B465A300407615 /* Upload dSYM */ = {
			isa = PBXShellScriptBuildPhase;
			buildActionMask = 2147483647;
			files = (
			);
			inputFileListPaths = (
			);
			inputPaths = (
				"${DWARF_DSYM_FOLDER_PATH}/${DWARF_DSYM_FILE_NAME}/Contents/Resources/DWARF/${TARGET_NAME}",
				"${BUILT_PRODUCTS_DIR}/${INFOPLIST_PATH}",
			);
			name = "Upload dSYM";
			outputFileListPaths = (
			);
			outputPaths = (
			);
			runOnlyForDeploymentPostprocessing = 0;
			shellPath = /bin/sh;
			shellScript = "${PROJECT_DIR}/scripts/run\n";
		};
		CA1E652AFE3BEDD0C50BA86E /* [CP] Check Pods Manifest.lock */ = {
			isa = PBXShellScriptBuildPhase;
			buildActionMask = 2147483647;
			files = (
			);
			inputFileListPaths = (
			);
			inputPaths = (
				"${PODS_PODFILE_DIR_PATH}/Podfile.lock",
				"${PODS_ROOT}/Manifest.lock",
			);
			name = "[CP] Check Pods Manifest.lock";
			outputFileListPaths = (
			);
			outputPaths = (
				"$(DERIVED_FILE_DIR)/Pods-demo-bitriseTests-checkManifestLockResult.txt",
			);
			runOnlyForDeploymentPostprocessing = 0;
			shellPath = /bin/sh;
			shellScript = "diff \"${PODS_PODFILE_DIR_PATH}/Podfile.lock\" \"${PODS_ROOT}/Manifest.lock\" > /dev/null\nif [ $? != 0 ] ; then\n    # print error to STDERR\n    echo \"error: The sandbox is not in sync with the Podfile.lock. Run 'pod install' or update your CocoaPods installation.\" >&2\n    exit 1\nfi\n# This output is used by Xcode 'outputs' to avoid re-running this script phase.\necho \"SUCCESS\" > \"${SCRIPT_OUTPUT_FILE_0}\"\n";
			showEnvVarsInLog = 0;
		};
/* End PBXShellScriptBuildPhase section */

/* Begin PBXSourcesBuildPhase section */
		BFE4C1F924B432DC0041825B /* Sources */ = {
			isa = PBXSourcesBuildPhase;
			buildActionMask = 2147483647;
			files = (
				BFE4C20524B432DC0041825B /* ViewController.swift in Sources */,
				BFE4C20124B432DC0041825B /* AppDelegate.swift in Sources */,
				BFE4C20324B432DC0041825B /* SceneDelegate.swift in Sources */,
			);
			runOnlyForDeploymentPostprocessing = 0;
		};
		BFE4C20F24B432DE0041825B /* Sources */ = {
			isa = PBXSourcesBuildPhase;
			buildActionMask = 2147483647;
			files = (
				BFE4C21824B432DE0041825B /* demo_bitriseTests.swift in Sources */,
			);
			runOnlyForDeploymentPostprocessing = 0;
		};
		BFE4C21A24B432DE0041825B /* Sources */ = {
			isa = PBXSourcesBuildPhase;
			buildActionMask = 2147483647;
			files = (
				BFE4C22324B432DE0041825B /* demo_bitriseUITests.swift in Sources */,
			);
			runOnlyForDeploymentPostprocessing = 0;
		};
/* End PBXSourcesBuildPhase section */

/* Begin PBXTargetDependency section */
		BFE4C21524B432DE0041825B /* PBXTargetDependency */ = {
			isa = PBXTargetDependency;
			target = BFE4C1FC24B432DC0041825B /* demo-bitrise */;
			targetProxy = BFE4C21424B432DE0041825B /* PBXContainerItemProxy */;
		};
		BFE4C22024B432DE0041825B /* PBXTargetDependency */ = {
			isa = PBXTargetDependency;
			target = BFE4C1FC24B432DC0041825B /* demo-bitrise */;
			targetProxy = BFE4C21F24B432DE0041825B /* PBXContainerItemProxy */;
		};
/* End PBXTargetDependency section */

/* Begin PBXVariantGroup section */
		BFE4C20624B432DC0041825B /* Main.storyboard */ = {
			isa = PBXVariantGroup;
			children = (
				BFE4C20724B432DC0041825B /* Base */,
			);
			name = Main.storyboard;
			sourceTree = "<group>";
		};
		BFE4C20B24B432DE0041825B /* LaunchScreen.storyboard */ = {
			isa = PBXVariantGroup;
			children = (
				BFE4C20C24B432DE0041825B /* Base */,
			);
			name = LaunchScreen.storyboard;
			sourceTree = "<group>";
		};
/* End PBXVariantGroup section */

/* Begin XCBuildConfiguration section */
		BFE4C22524B432DE0041825B /* Debug */ = {
			isa = XCBuildConfiguration;
			buildSettings = {
				ALWAYS_SEARCH_USER_PATHS = NO;
				CLANG_ANALYZER_NONNULL = YES;
				CLANG_ANALYZER_NUMBER_OBJECT_CONVERSION = YES_AGGRESSIVE;
				CLANG_CXX_LANGUAGE_STANDARD = "gnu++14";
				CLANG_CXX_LIBRARY = "libc++";
				CLANG_ENABLE_MODULES = YES;
				CLANG_ENABLE_OBJC_ARC = YES;
				CLANG_ENABLE_OBJC_WEAK = YES;
				CLANG_WARN_BLOCK_CAPTURE_AUTORELEASING = YES;
				CLANG_WARN_BOOL_CONVERSION = YES;
				CLANG_WARN_COMMA = YES;
				CLANG_WARN_CONSTANT_CONVERSION = YES;
				CLANG_WARN_DEPRECATED_OBJC_IMPLEMENTATIONS = YES;
				CLANG_WARN_DIRECT_OBJC_ISA_USAGE = YES_ERROR;
				CLANG_WARN_DOCUMENTATION_COMMENTS = YES;
				CLANG_WARN_EMPTY_BODY = YES;
				CLANG_WARN_ENUM_CONVERSION = YES;
				CLANG_WARN_INFINITE_RECURSION = YES;
				CLANG_WARN_INT_CONVERSION = YES;
				CLANG_WARN_NON_LITERAL_NULL_CONVERSION = YES;
				CLANG_WARN_OBJC_IMPLICIT_RETAIN_SELF = YES;
				CLANG_WARN_OBJC_LITERAL_CONVERSION = YES;
				CLANG_WARN_OBJC_ROOT_CLASS = YES_ERROR;
				CLANG_WARN_RANGE_LOOP_ANALYSIS = YES;
				CLANG_WARN_STRICT_PROTOTYPES = YES;
				CLANG_WARN_SUSPICIOUS_MOVE = YES;
				CLANG_WARN_UNGUARDED_AVAILABILITY = YES_AGGRESSIVE;
				CLANG_WARN_UNREACHABLE_CODE = YES;
				CLANG_WARN__DUPLICATE_METHOD_MATCH = YES;
				COPY_PHASE_STRIP = NO;
				DEBUG_INFORMATION_FORMAT = dwarf;
				ENABLE_STRICT_OBJC_MSGSEND = YES;
				ENABLE_TESTABILITY = YES;
				GCC_C_LANGUAGE_STANDARD = gnu11;
				GCC_DYNAMIC_NO_PIC = NO;
				GCC_NO_COMMON_BLOCKS = YES;
				GCC_OPTIMIZATION_LEVEL = 0;
				GCC_PREPROCESSOR_DEFINITIONS = (
					"DEBUG=1",
					"$(inherited)",
				);
				GCC_WARN_64_TO_32_BIT_CONVERSION = YES;
				GCC_WARN_ABOUT_RETURN_TYPE = YES_ERROR;
				GCC_WARN_UNDECLARED_SELECTOR = YES;
				GCC_WARN_UNINITIALIZED_AUTOS = YES_AGGRESSIVE;
				GCC_WARN_UNUSED_FUNCTION = YES;
				GCC_WARN_UNUSED_VARIABLE = YES;
				IPHONEOS_DEPLOYMENT_TARGET = 13.5;
				MTL_ENABLE_DEBUG_INFO = INCLUDE_SOURCE;
				MTL_FAST_MATH = YES;
				ONLY_ACTIVE_ARCH = YES;
				SDKROOT = iphoneos;
				SWIFT_ACTIVE_COMPILATION_CONDITIONS = DEBUG;
				SWIFT_OPTIMIZATION_LEVEL = "-Onone";
			};
			name = Debug;
		};
		BFE4C22624B432DE0041825B /* Release */ = {
			isa = XCBuildConfiguration;
			buildSettings = {
				ALWAYS_SEARCH_USER_PATHS = NO;
				CLANG_ANALYZER_NONNULL = YES;
				CLANG_ANALYZER_NUMBER_OBJECT_CONVERSION = YES_AGGRESSIVE;
				CLANG_CXX_LANGUAGE_STANDARD = "gnu++14";
				CLANG_CXX_LIBRARY = "libc++";
				CLANG_ENABLE_MODULES = YES;
				CLANG_ENABLE_OBJC_ARC = YES;
				CLANG_ENABLE_OBJC_WEAK = YES;
				CLANG_WARN_BLOCK_CAPTURE_AUTORELEASING = YES;
				CLANG_WARN_BOOL_CONVERSION = YES;
				CLANG_WARN_COMMA = YES;
				CLANG_WARN_CONSTANT_CONVERSION = YES;
				CLANG_WARN_DEPRECATED_OBJC_IMPLEMENTATIONS = YES;
				CLANG_WARN_DIRECT_OBJC_ISA_USAGE = YES_ERROR;
				CLANG_WARN_DOCUMENTATION_COMMENTS = YES;
				CLANG_WARN_EMPTY_BODY = YES;
				CLANG_WARN_ENUM_CONVERSION = YES;
				CLANG_WARN_INFINITE_RECURSION = YES;
				CLANG_WARN_INT_CONVERSION = YES;
				CLANG_WARN_NON_LITERAL_NULL_CONVERSION = YES;
				CLANG_WARN_OBJC_IMPLICIT_RETAIN_SELF = YES;
				CLANG_WARN_OBJC_LITERAL_CONVERSION = YES;
				CLANG_WARN_OBJC_ROOT_CLASS = YES_ERROR;
				CLANG_WARN_RANGE_LOOP_ANALYSIS = YES;
				CLANG_WARN_STRICT_PROTOTYPES = YES;
				CLANG_WARN_SUSPICIOUS_MOVE = YES;
				CLANG_WARN_UNGUARDED_AVAILABILITY = YES_AGGRESSIVE;
				CLANG_WARN_UNREACHABLE_CODE = YES;
				CLANG_WARN__DUPLICATE_METHOD_MATCH = YES;
				COPY_PHASE_STRIP = NO;
				DEBUG_INFORMATION_FORMAT = "dwarf-with-dsym";
				ENABLE_NS_ASSERTIONS = NO;
				ENABLE_STRICT_OBJC_MSGSEND = YES;
				GCC_C_LANGUAGE_STANDARD = gnu11;
				GCC_NO_COMMON_BLOCKS = YES;
				GCC_WARN_64_TO_32_BIT_CONVERSION = YES;
				GCC_WARN_ABOUT_RETURN_TYPE = YES_ERROR;
				GCC_WARN_UNDECLARED_SELECTOR = YES;
				GCC_WARN_UNINITIALIZED_AUTOS = YES_AGGRESSIVE;
				GCC_WARN_UNUSED_FUNCTION = YES;
				GCC_WARN_UNUSED_VARIABLE = YES;
				IPHONEOS_DEPLOYMENT_TARGET = 13.5;
				MTL_ENABLE_DEBUG_INFO = NO;
				MTL_FAST_MATH = YES;
				SDKROOT = iphoneos;
				SWIFT_COMPILATION_MODE = wholemodule;
				SWIFT_OPTIMIZATION_LEVEL = "-O";
				VALIDATE_PRODUCT = YES;
			};
			name = Release;
		};
		BFE4C22824B432DE0041825B /* Debug */ = {
			isa = XCBuildConfiguration;
			baseConfigurationReference = D174E0B75C8E02503738BB60 /* Pods-demo-bitrise.debug.xcconfig */;
			buildSettings = {
				ASSETCATALOG_COMPILER_APPICON_NAME = AppIcon;
				CODE_SIGN_ENTITLEMENTS = "demo-bitrise/demo-bitrise.entitlements";
				CODE_SIGN_IDENTITY = "iPhone Developer";
				CODE_SIGN_STYLE = Manual;
				DEVELOPMENT_TEAM = XY8UWSG2LX;
				INFOPLIST_FILE = "demo-bitrise/Info.plist";
				LD_RUNPATH_SEARCH_PATHS = (
					"$(inherited)",
					"@executable_path/Frameworks",
				);
				PRODUCT_BUNDLE_IDENTIFIER = "com.foundation.demo-bitrise.dev";
				PRODUCT_NAME = "$(TARGET_NAME)";
				PROVISIONING_PROFILE_SPECIFIER = "Bitrise develop";
				SWIFT_VERSION = 5.0;
				TARGETED_DEVICE_FAMILY = "1,2";
			};
			name = Debug;
		};
		BFE4C22924B432DE0041825B /* Release */ = {
			isa = XCBuildConfiguration;
			baseConfigurationReference = D2B654133F71E8432DE12909 /* Pods-demo-bitrise.release.xcconfig */;
			buildSettings = {
				ASSETCATALOG_COMPILER_APPICON_NAME = AppIcon;
				CODE_SIGN_ENTITLEMENTS = "demo-bitrise/demo-bitrise.entitlements";
				CODE_SIGN_IDENTITY = "iPhone Distribution";
				CODE_SIGN_STYLE = Manual;
				DEVELOPMENT_TEAM = XY8UWSG2LX;
				INFOPLIST_FILE = "demo-bitrise/Info.plist";
				LD_RUNPATH_SEARCH_PATHS = (
					"$(inherited)",
					"@executable_path/Frameworks",
				);
				PRODUCT_BUNDLE_IDENTIFIER = "com.foundation.demo-bitrise.distribute";
				PRODUCT_NAME = "$(TARGET_NAME)";
				PROVISIONING_PROFILE_SPECIFIER = "Bitrise distribute";
				SWIFT_VERSION = 5.0;
				TARGETED_DEVICE_FAMILY = "1,2";
			};
			name = Release;
		};
		BFE4C22B24B432DE0041825B /* Debug */ = {
			isa = XCBuildConfiguration;
			baseConfigurationReference = 625C6035481188E62D8BEA60 /* Pods-demo-bitriseTests.debug.xcconfig */;
			buildSettings = {
				ALWAYS_EMBED_SWIFT_STANDARD_LIBRARIES = YES;
				BUNDLE_LOADER = "$(TEST_HOST)";
				CODE_SIGN_STYLE = Automatic;
				DEVELOPMENT_TEAM = XY8UWSG2LX;
				INFOPLIST_FILE = "demo-bitriseTests/Info.plist";
				IPHONEOS_DEPLOYMENT_TARGET = 13.5;
				LD_RUNPATH_SEARCH_PATHS = (
					"$(inherited)",
					"@executable_path/Frameworks",
					"@loader_path/Frameworks",
				);
				PRODUCT_BUNDLE_IDENTIFIER = "com.foundation.demo-bitriseTests";
				PRODUCT_NAME = "$(TARGET_NAME)";
				SWIFT_VERSION = 5.0;
				TARGETED_DEVICE_FAMILY = "1,2";
				TEST_HOST = "$(BUILT_PRODUCTS_DIR)/demo-bitrise.app/demo-bitrise";
			};
			name = Debug;
		};
		BFE4C22C24B432DE0041825B /* Release */ = {
			isa = XCBuildConfiguration;
			baseConfigurationReference = 9A75826FB562524090886832 /* Pods-demo-bitriseTests.release.xcconfig */;
			buildSettings = {
				ALWAYS_EMBED_SWIFT_STANDARD_LIBRARIES = YES;
				BUNDLE_LOADER = "$(TEST_HOST)";
				CODE_SIGN_STYLE = Automatic;
				DEVELOPMENT_TEAM = XY8UWSG2LX;
				INFOPLIST_FILE = "demo-bitriseTests/Info.plist";
				IPHONEOS_DEPLOYMENT_TARGET = 13.5;
				LD_RUNPATH_SEARCH_PATHS = (
					"$(inherited)",
					"@executable_path/Frameworks",
					"@loader_path/Frameworks",
				);
				PRODUCT_BUNDLE_IDENTIFIER = "com.foundation.demo-bitriseTests";
				PRODUCT_NAME = "$(TARGET_NAME)";
				SWIFT_VERSION = 5.0;
				TARGETED_DEVICE_FAMILY = "1,2";
				TEST_HOST = "$(BUILT_PRODUCTS_DIR)/demo-bitrise.app/demo-bitrise";
			};
			name = Release;
		};
		BFE4C22E24B432DE0041825B /* Debug */ = {
			isa = XCBuildConfiguration;
			baseConfigurationReference = 285D3032CF824D0DC1317E15 /* Pods-demo-bitrise-demo-bitriseUITests.debug.xcconfig */;
			buildSettings = {
				ALWAYS_EMBED_SWIFT_STANDARD_LIBRARIES = YES;
				CODE_SIGN_STYLE = Automatic;
				DEVELOPMENT_TEAM = XY8UWSG2LX;
				INFOPLIST_FILE = "demo-bitriseUITests/Info.plist";
				LD_RUNPATH_SEARCH_PATHS = (
					"$(inherited)",
					"@executable_path/Frameworks",
					"@loader_path/Frameworks",
				);
				PRODUCT_BUNDLE_IDENTIFIER = "com.foundation.demo-bitriseUITests";
				PRODUCT_NAME = "$(TARGET_NAME)";
				SWIFT_VERSION = 5.0;
				TARGETED_DEVICE_FAMILY = "1,2";
				TEST_TARGET_NAME = "demo-bitrise";
			};
			name = Debug;
		};
		BFE4C22F24B432DE0041825B /* Release */ = {
			isa = XCBuildConfiguration;
			baseConfigurationReference = 2B0A6A981F276730896EF94E /* Pods-demo-bitrise-demo-bitriseUITests.release.xcconfig */;
			buildSettings = {
				ALWAYS_EMBED_SWIFT_STANDARD_LIBRARIES = YES;
				CODE_SIGN_STYLE = Automatic;
				DEVELOPMENT_TEAM = XY8UWSG2LX;
				INFOPLIST_FILE = "demo-bitriseUITests/Info.plist";
				LD_RUNPATH_SEARCH_PATHS = (
					"$(inherited)",
					"@executable_path/Frameworks",
					"@loader_path/Frameworks",
				);
				PRODUCT_BUNDLE_IDENTIFIER = "com.foundation.demo-bitriseUITests";
				PRODUCT_NAME = "$(TARGET_NAME)";
				SWIFT_VERSION = 5.0;
				TARGETED_DEVICE_FAMILY = "1,2";
				TEST_TARGET_NAME = "demo-bitrise";
			};
			name = Release;
		};
		BFE4C23124B436CB0041825B /* AdHoc */ = {
			isa = XCBuildConfiguration;
			buildSettings = {
				ALWAYS_SEARCH_USER_PATHS = NO;
				CLANG_ANALYZER_NONNULL = YES;
				CLANG_ANALYZER_NUMBER_OBJECT_CONVERSION = YES_AGGRESSIVE;
				CLANG_CXX_LANGUAGE_STANDARD = "gnu++14";
				CLANG_CXX_LIBRARY = "libc++";
				CLANG_ENABLE_MODULES = YES;
				CLANG_ENABLE_OBJC_ARC = YES;
				CLANG_ENABLE_OBJC_WEAK = YES;
				CLANG_WARN_BLOCK_CAPTURE_AUTORELEASING = YES;
				CLANG_WARN_BOOL_CONVERSION = YES;
				CLANG_WARN_COMMA = YES;
				CLANG_WARN_CONSTANT_CONVERSION = YES;
				CLANG_WARN_DEPRECATED_OBJC_IMPLEMENTATIONS = YES;
				CLANG_WARN_DIRECT_OBJC_ISA_USAGE = YES_ERROR;
				CLANG_WARN_DOCUMENTATION_COMMENTS = YES;
				CLANG_WARN_EMPTY_BODY = YES;
				CLANG_WARN_ENUM_CONVERSION = YES;
				CLANG_WARN_INFINITE_RECURSION = YES;
				CLANG_WARN_INT_CONVERSION = YES;
				CLANG_WARN_NON_LITERAL_NULL_CONVERSION = YES;
				CLANG_WARN_OBJC_IMPLICIT_RETAIN_SELF = YES;
				CLANG_WARN_OBJC_LITERAL_CONVERSION = YES;
				CLANG_WARN_OBJC_ROOT_CLASS = YES_ERROR;
				CLANG_WARN_RANGE_LOOP_ANALYSIS = YES;
				CLANG_WARN_STRICT_PROTOTYPES = YES;
				CLANG_WARN_SUSPICIOUS_MOVE = YES;
				CLANG_WARN_UNGUARDED_AVAILABILITY = YES_AGGRESSIVE;
				CLANG_WARN_UNREACHABLE_CODE = YES;
				CLANG_WARN__DUPLICATE_METHOD_MATCH = YES;
				COPY_PHASE_STRIP = NO;
				DEBUG_INFORMATION_FORMAT = dwarf;
				ENABLE_STRICT_OBJC_MSGSEND = YES;
				ENABLE_TESTABILITY = YES;
				GCC_C_LANGUAGE_STANDARD = gnu11;
				GCC_DYNAMIC_NO_PIC = NO;
				GCC_NO_COMMON_BLOCKS = YES;
				GCC_OPTIMIZATION_LEVEL = 0;
				GCC_PREPROCESSOR_DEFINITIONS = (
					"DEBUG=1",
					"$(inherited)",
				);
				GCC_WARN_64_TO_32_BIT_CONVERSION = YES;
				GCC_WARN_ABOUT_RETURN_TYPE = YES_ERROR;
				GCC_WARN_UNDECLARED_SELECTOR = YES;
				GCC_WARN_UNINITIALIZED_AUTOS = YES_AGGRESSIVE;
				GCC_WARN_UNUSED_FUNCTION = YES;
				GCC_WARN_UNUSED_VARIABLE = YES;
				IPHONEOS_DEPLOYMENT_TARGET = 13.5;
				MTL_ENABLE_DEBUG_INFO = INCLUDE_SOURCE;
				MTL_FAST_MATH = YES;
				ONLY_ACTIVE_ARCH = YES;
				SDKROOT = iphoneos;
				SWIFT_ACTIVE_COMPILATION_CONDITIONS = DEBUG;
				SWIFT_OPTIMIZATION_LEVEL = "-Onone";
			};
			name = AdHoc;
		};
		BFE4C23224B436CB0041825B /* AdHoc */ = {
			isa = XCBuildConfiguration;
			baseConfigurationReference = 6CED960DB15B255CD363811D /* Pods-demo-bitrise.adhoc.xcconfig */;
			buildSettings = {
				ASSETCATALOG_COMPILER_APPICON_NAME = AppIcon;
				CODE_SIGN_ENTITLEMENTS = "demo-bitrise/demo-bitrise.entitlements";
				CODE_SIGN_IDENTITY = "Apple Distribution: Vu Cong (XY8UWSG2LX)";
				CODE_SIGN_STYLE = Manual;
				DEBUG_INFORMATION_FORMAT = "dwarf-with-dsym";
				DEVELOPMENT_TEAM = XY8UWSG2LX;
				INFOPLIST_FILE = "demo-bitrise/Info.plist";
				LD_RUNPATH_SEARCH_PATHS = (
					"$(inherited)",
					"@executable_path/Frameworks",
				);
				PRODUCT_BUNDLE_IDENTIFIER = "com.foundation.demo-bitrise.adhoc";
				PRODUCT_NAME = "$(TARGET_NAME)";
				PROVISIONING_PROFILE_SPECIFIER = "Bitrise adhoc";
				SWIFT_VERSION = 5.0;
				TARGETED_DEVICE_FAMILY = "1,2";
			};
			name = AdHoc;
		};
		BFE4C23324B436CB0041825B /* AdHoc */ = {
			isa = XCBuildConfiguration;
			baseConfigurationReference = 1ED27506AC29189D48E20729 /* Pods-demo-bitriseTests.adhoc.xcconfig */;
			buildSettings = {
				ALWAYS_EMBED_SWIFT_STANDARD_LIBRARIES = YES;
				BUNDLE_LOADER = "$(TEST_HOST)";
				CODE_SIGN_STYLE = Automatic;
				DEVELOPMENT_TEAM = XY8UWSG2LX;
				INFOPLIST_FILE = "demo-bitriseTests/Info.plist";
				IPHONEOS_DEPLOYMENT_TARGET = 13.5;
				LD_RUNPATH_SEARCH_PATHS = (
					"$(inherited)",
					"@executable_path/Frameworks",
					"@loader_path/Frameworks",
				);
				PRODUCT_BUNDLE_IDENTIFIER = "com.foundation.demo-bitriseTests";
				PRODUCT_NAME = "$(TARGET_NAME)";
				SWIFT_VERSION = 5.0;
				TARGETED_DEVICE_FAMILY = "1,2";
				TEST_HOST = "$(BUILT_PRODUCTS_DIR)/demo-bitrise.app/demo-bitrise";
			};
			name = AdHoc;
		};
		BFE4C23424B436CB0041825B /* AdHoc */ = {
			isa = XCBuildConfiguration;
			baseConfigurationReference = D1C3DE9F448DEC826071B9B1 /* Pods-demo-bitrise-demo-bitriseUITests.adhoc.xcconfig */;
			buildSettings = {
				ALWAYS_EMBED_SWIFT_STANDARD_LIBRARIES = YES;
				CODE_SIGN_STYLE = Automatic;
				DEVELOPMENT_TEAM = XY8UWSG2LX;
				INFOPLIST_FILE = "demo-bitriseUITests/Info.plist";
				LD_RUNPATH_SEARCH_PATHS = (
					"$(inherited)",
					"@executable_path/Frameworks",
					"@loader_path/Frameworks",
				);
				PRODUCT_BUNDLE_IDENTIFIER = "com.foundation.demo-bitriseUITests";
				PRODUCT_NAME = "$(TARGET_NAME)";
				SWIFT_VERSION = 5.0;
				TARGETED_DEVICE_FAMILY = "1,2";
				TEST_TARGET_NAME = "demo-bitrise";
			};
			name = AdHoc;
		};
/* End XCBuildConfiguration section */

/* Begin XCConfigurationList section */
		BFE4C1F824B432DC0041825B /* Build configuration list for PBXProject "demo-bitrise" */ = {
			isa = XCConfigurationList;
			buildConfigurations = (
				BFE4C22524B432DE0041825B /* Debug */,
				BFE4C23124B436CB0041825B /* AdHoc */,
				BFE4C22624B432DE0041825B /* Release */,
			);
			defaultConfigurationIsVisible = 0;
			defaultConfigurationName = Release;
		};
		BFE4C22724B432DE0041825B /* Build configuration list for PBXNativeTarget "demo-bitrise" */ = {
			isa = XCConfigurationList;
			buildConfigurations = (
				BFE4C22824B432DE0041825B /* Debug */,
				BFE4C23224B436CB0041825B /* AdHoc */,
				BFE4C22924B432DE0041825B /* Release */,
			);
			defaultConfigurationIsVisible = 0;
			defaultConfigurationName = Release;
		};
		BFE4C22A24B432DE0041825B /* Build configuration list for PBXNativeTarget "demo-bitriseTests" */ = {
			isa = XCConfigurationList;
			buildConfigurations = (
				BFE4C22B24B432DE0041825B /* Debug */,
				BFE4C23324B436CB0041825B /* AdHoc */,
				BFE4C22C24B432DE0041825B /* Release */,
			);
			defaultConfigurationIsVisible = 0;
			defaultConfigurationName = Release;
		};
		BFE4C22D24B432DE0041825B /* Build configuration list for PBXNativeTarget "demo-bitriseUITests" */ = {
			isa = XCConfigurationList;
			buildConfigurations = (
				BFE4C22E24B432DE0041825B /* Debug */,
				BFE4C23424B436CB0041825B /* AdHoc */,
				BFE4C22F24B432DE0041825B /* Release */,
			);
			defaultConfigurationIsVisible = 0;
			defaultConfigurationName = Release;
		};
/* End XCConfigurationList section */
	};
	rootObject = BFE4C1F524B432DC0041825B /* Project object */;
}
